PODS:
  - Crashlytics (3.12.0):
    - Fabric (~> 1.9.0)
  - Fabric (1.9.0)
  - SwiftDebugLog (0.1.3):
    - Crashlytics (~> 3.12.0)
    - Fabric (~> 1.9.0)

DEPENDENCIES:
  - Crashlytics (~> 3.12.0)
  - Fabric (~> 1.9.0)
  - SwiftDebugLog (from `../`)

SPEC REPOS:
  https://github.com/cocoapods/specs.git:
    - Crashlytics
    - Fabric

EXTERNAL SOURCES:
  SwiftDebugLog:
    :path: "../"

SPEC CHECKSUMS:
  Crashlytics: 07fb167b1694128c1c9a5a5cc319b0e9c3ca0933
  Fabric: f988e33c97f08930a413e08123064d2e5f68d655
  SwiftDebugLog: e1fbf6978f7aa1c9a2fc93f16951894ee8943e33

PODFILE CHECKSUM: 8b3b0bd304deae3adc046bd31c7bd69ed3bab662

COCOAPODS: 1.6.1
